// !$*UTF8*$!
{
	archiveVersion = 1;
	classes = {
	};
	objectVersion = 46;
	objects = {

/* Begin PBXBuildFile section */
		3228899D1E4C7BA200012906 /* AppDelegate.swift in Sources */ = {isa = PBXBuildFile; fileRef = 3228899C1E4C7BA200012906 /* AppDelegate.swift */; };
		3228899F1E4C7BA200012906 /* ViewController.swift in Sources */ = {isa = PBXBuildFile; fileRef = 3228899E1E4C7BA200012906 /* ViewController.swift */; };
		322889A21E4C7BA200012906 /* Main.storyboard in Resources */ = {isa = PBXBuildFile; fileRef = 322889A01E4C7BA200012906 /* Main.storyboard */; };
		322889A41E4C7BA200012906 /* Assets.xcassets in Resources */ = {isa = PBXBuildFile; fileRef = 322889A31E4C7BA200012906 /* Assets.xcassets */; };
		322889A71E4C7BA200012906 /* LaunchScreen.storyboard in Resources */ = {isa = PBXBuildFile; fileRef = 322889A51E4C7BA200012906 /* LaunchScreen.storyboard */; };
/* End PBXBuildFile section */

/* Begin PBXFileReference section */
		322889991E4C7BA200012906 /* Lesson 4.app */ = {isa = PBXFileReference; explicitFileType = wrapper.application; includeInIndex = 0; path = "Lesson 4.app"; sourceTree = BUILT_PRODUCTS_DIR; };
		3228899C1E4C7BA200012906 /* AppDelegate.swift */ = {isa = PBXFileReference; lastKnownFileType = sourcecode.swift; path = AppDelegate.swift; sourceTree = "<group>"; };
		3228899E1E4C7BA200012906 /* ViewController.swift */ = {isa = PBXFileReference; lastKnownFileType = sourcecode.swift; path = ViewController.swift; sourceTree = "<group>"; };
		322889A11E4C7BA200012906 /* Base */ = {isa = PBXFileReference; lastKnownFileType = file.storyboard; name = Base; path = Base.lproj/Main.storyboard; sourceTree = "<group>"; };
		322889A31E4C7BA200012906 /* Assets.xcassets */ = {isa = PBXFileReference; lastKnownFileType = folder.assetcatalog; path = Assets.xcassets; sourceTree = "<group>"; };
		322889A61E4C7BA200012906 /* Base */ = {isa = PBXFileReference; lastKnownFileType = file.storyboard; name = Base; path = Base.lproj/LaunchScreen.storyboard; sourceTree = "<group>"; };
		322889A81E4C7BA200012906 /* Info.plist */ = {isa = PBXFileReference; lastKnownFileType = text.plist.xml; path = Info.plist; sourceTree = "<group>"; };
/* End PBXFileReference section */

/* Begin PBXFrameworksBuildPhase section */
		322889961E4C7BA200012906 /* Frameworks */ = {
			isa = PBXFrameworksBuildPhase;
			buildActionMask = 2147483647;
			files = (
			);
			runOnlyForDeploymentPostprocessing = 0;
		};
/* End PBXFrameworksBuildPhase section */

/* Begin PBXGroup section */
		322889901E4C7BA200012906 = {
			isa = PBXGroup;
			children = (
				3228899B1E4C7BA200012906 /* Lesson 4 */,
				3228899A1E4C7BA200012906 /* Products */,
			);
			sourceTree = "<group>";
		};
		3228899A1E4C7BA200012906 /* Products */ = {
			isa = PBXGroup;
			children = (
				322889991E4C7BA200012906 /* Lesson 4.app */,
			);
			name = Products;
			sourceTree = "<group>";
		};
		3228899B1E4C7BA200012906 /* Lesson 4 */ = {
			isa = PBXGroup;
			children = (
				3228899C1E4C7BA200012906 /* AppDelegate.swift */,
				3228899E1E4C7BA200012906 /* ViewController.swift */,
				322889A01E4C7BA200012906 /* Main.storyboard */,
				322889A31E4C7BA200012906 /* Assets.xcassets */,
				322889A51E4C7BA200012906 /* LaunchScreen.storyboard */,
				322889A81E4C7BA200012906 /* Info.plist */,
			);
			path = "Lesson 4";
			sourceTree = "<group>";
		};
/* End PBXGroup section */

/* Begin PBXNativeTarget section */
		322889981E4C7BA200012906 /* Lesson 4 */ = {
			isa = PBXNativeTarget;
			buildConfigurationList = 322889AB1E4C7BA300012906 /* Build configuration list for PBXNativeTarget "Lesson 4" */;
			buildPhases = (
				322889951E4C7BA200012906 /* Sources */,
				322889961E4C7BA200012906 /* Frameworks */,
				322889971E4C7BA200012906 /* Resources */,
			);
			buildRules = (
			);
			dependencies = (
			);
			name = "Lesson 4";
			productName = "Lesson 4";
			productReference = 322889991E4C7BA200012906 /* Lesson 4.app */;
			productType = "com.apple.product-type.application";
		};
/* End PBXNativeTarget section */

/* Begin PBXProject section */
		322889911E4C7BA200012906 /* Project object */ = {
			isa = PBXProject;
			attributes = {
				LastSwiftUpdateCheck = 0820;
				LastUpgradeCheck = 0820;
				ORGANIZATIONNAME = "Ke Lu";
				TargetAttributes = {
					322889981E4C7BA200012906 = {
						CreatedOnToolsVersion = 8.2.1;
						ProvisioningStyle = Automatic;
					};
				};
			};
			buildConfigurationList = 322889941E4C7BA200012906 /* Build configuration list for PBXProject "Lesson 4" */;
			compatibilityVersion = "Xcode 3.2";
			developmentRegion = English;
			hasScannedForEncodings = 0;
			knownRegions = (
				en,
				Base,
			);
			mainGroup = 322889901E4C7BA200012906;
			productRefGroup = 3228899A1E4C7BA200012906 /* Products */;
			projectDirPath = "";
			projectRoot = "";
			targets = (
				322889981E4C7BA200012906 /* Lesson 4 */,
			);
		};
/* End PBXProject section */

/* Begin PBXResourcesBuildPhase section */
		322889971E4C7BA200012906 /* Resources */ = {
			isa = PBXResourcesBuildPhase;
			buildActionMask = 2147483647;
			files = (
				322889A71E4C7BA200012906 /* LaunchScreen.storyboard in Resources */,
				322889A41E4C7BA200012906 /* Assets.xcassets in Resources */,
				322889A21E4C7BA200012906 /* Main.storyboard in Resources */,
			);
			runOnlyForDeploymentPostprocessing = 0;
		};
/* End PBXResourcesBuildPhase section */

/* Begin PBXSourcesBuildPhase section */
		322889951E4C7BA200012906 /* Sources */ = {
			isa = PBXSourcesBuildPhase;
			buildActionMask = 2147483647;
			files = (
				3228899F1E4C7BA200012906 /* ViewController.swift in Sources */,
				3228899D1E4C7BA200012906 /* AppDelegate.swift in Sources */,
			);
			runOnlyForDeploymentPostprocessing = 0;
		};
/* End PBXSourcesBuildPhase section */

/* Begin PBXVariantGroup section */
		322889A01E4C7BA200012906 /* Main.storyboard */ = {
			isa = PBXVariantGroup;
			children = (
				322889A11E4C7BA200012906 /* Base */,
			);
			name = Main.storyboard;
			sourceTree = "<group>";
		};
		322889A51E4C7BA200012906 /* LaunchScreen.storyboard */ = {
			isa = PBXVariantGroup;
			children = (
				322889A61E4C7BA200012906 /* Base */,
			);
			name = LaunchScreen.storyboard;
			sourceTree = "<group>";
		};
/* End PBXVariantGroup section */

/* Begin XCBuildConfiguration section */
		322889A91E4C7BA200012906 /* Debug */ = {
			isa = XCBuildConfiguration;
			buildSettings = {
				ALWAYS_SEARCH_USER_PATHS = NO;
				CLANG_ANALYZER_NONNULL = YES;
				CLANG_CXX_LANGUAGE_STANDARD = "gnu++0x";
				CLANG_CXX_LIBRARY = "libc++";
				CLANG_ENABLE_MODULES = YES;
				CLANG_ENABLE_OBJC_ARC = YES;
				CLANG_WARN_BOOL_CONVERSION = YES;
				CLANG_WARN_CONSTANT_CONVERSION = YES;
				CLANG_WARN_DIRECT_OBJC_ISA_USAGE = YES_ERROR;
				CLANG_WARN_DOCUMENTATION_COMMENTS = YES;
				CLANG_WARN_EMPTY_BODY = YES;
				CLANG_WARN_ENUM_CONVERSION = YES;
				CLANG_WARN_INFINITE_RECURSION = YES;
				CLANG_WARN_INT_CONVERSION = YES;
				CLANG_WARN_OBJC_ROOT_CLASS = YES_ERROR;
				CLANG_WARN_SUSPICIOUS_MOVE = YES;
				CLANG_WARN_UNREACHABLE_CODE = YES;
				CLANG_WARN__DUPLICATE_METHOD_MATCH = YES;
				"CODE_SIGN_IDENTITY[sdk=iphoneos*]" = "iPhone Developer";
				COPY_PHASE_STRIP = NO;
				DEBUG_INFORMATION_FORMAT = dwarf;
				ENABLE_STRICT_OBJC_MSGSEND = YES;
				ENABLE_TESTABILITY = YES;
				GCC_C_LANGUAGE_STANDARD = gnu99;
				GCC_DYNAMIC_NO_PIC = NO;
				GCC_NO_COMMON_BLOCKS = YES;
				GCC_OPTIMIZATION_LEVEL = 0;
				GCC_PREPROCESSOR_DEFINITIONS = (
					"DEBUG=1",
					"$(inherited)",
				);
				GCC_WARN_64_TO_32_BIT_CONVERSION = YES;
				GCC_WARN_ABOUT_RETURN_TYPE = YES_ERROR;
				GCC_WARN_UNDECLARED_SELECTOR = YES;
				GCC_WARN_UNINITIALIZED_AUTOS = YES_AGGRESSIVE;
				GCC_WARN_UNUSED_FUNCTION = YES;
				GCC_WARN_UNUSED_VARIABLE = YES;
				IPHONEOS_DEPLOYMENT_TARGET = 10.2;
				MTL_ENABLE_DEBUG_INFO = YES;
				ONLY_ACTIVE_ARCH = YES;
				SDKROOT = iphoneos;
				SWIFT_ACTIVE_COMPILATION_CONDITIONS = DEBUG;
				SWIFT_OPTIMIZATION_LEVEL = "-Onone";
				TARGETED_DEVICE_FAMILY = "1,2";
			};
			name = Debug;
		};
		322889AA1E4C7BA200012906 /* Release */ = {
			isa = XCBuildConfiguration;
			buildSettings = {
				ALWAYS_SEARCH_USER_PATHS = NO;
				CLANG_ANALYZER_NONNULL = YES;
				CLANG_CXX_LANGUAGE_STANDARD = "gnu++0x";
				CLANG_CXX_LIBRARY = "libc++";
				CLANG_ENABLE_MODULES = YES;
				CLANG_ENABLE_OBJC_ARC = YES;
				CLANG_WARN_BOOL_CONVERSION = YES;
				CLANG_WARN_CONSTANT_CONVERSION = YES;
				CLANG_WARN_DIRECT_OBJC_ISA_USAGE = YES_ERROR;
				CLANG_WARN_DOCUMENTATION_COMMENTS = YES;
				CLANG_WARN_EMPTY_BODY = YES;
				CLANG_WARN_ENUM_CONVERSION = YES;
				CLANG_WARN_INFINITE_RECURSION = YES;
				CLANG_WARN_INT_CONVERSION = YES;
				CLANG_WARN_OBJC_ROOT_CLASS = YES_ERROR;
				CLANG_WARN_SUSPICIOUS_MOVE = YES;
				CLANG_WARN_UNREACHABLE_CODE = YES;
				CLANG_WARN__DUPLICATE_METHOD_MATCH = YES;
				"CODE_SIGN_IDENTITY[sdk=iphoneos*]" = "iPhone Developer";
				COPY_PHASE_STRIP = NO;
				DEBUG_INFORMATION_FORMAT = "dwarf-with-dsym";
				ENABLE_NS_ASSERTIONS = NO;
				ENABLE_STRICT_OBJC_MSGSEND = YES;
				GCC_C_LANGUAGE_STANDARD = gnu99;
				GCC_NO_COMMON_BLOCKS = YES;
				GCC_WARN_64_TO_32_BIT_CONVERSION = YES;
				GCC_WARN_ABOUT_RETURN_TYPE = YES_ERROR;
				GCC_WARN_UNDECLARED_SELECTOR = YES;
				GCC_WARN_UNINITIALIZED_AUTOS = YES_AGGRESSIVE;
				GCC_WARN_UNUSED_FUNCTION = YES;
				GCC_WARN_UNUSED_VARIABLE = YES;
				IPHONEOS_DEPLOYMENT_TARGET = 10.2;
				MTL_ENABLE_DEBUG_INFO = NO;
				SDKROOT = iphoneos;
				SWIFT_OPTIMIZATION_LEVEL = "-Owholemodule";
				TARGETED_DEVICE_FAMILY = "1,2";
				VALIDATE_PRODUCT = YES;
			};
			name = Release;
		};
		322889AC1E4C7BA300012906 /* Debug */ = {
			isa = XCBuildConfiguration;
			buildSettings = {
				ASSETCATALOG_COMPILER_APPICON_NAME = AppIcon;
				INFOPLIST_FILE = "Lesson 4/Info.plist";
				LD_RUNPATH_SEARCH_PATHS = "$(inherited) @executable_path/Frameworks";
				PRODUCT_BUNDLE_IDENTIFIER = "com.luke.Lesson-4";
				PRODUCT_NAME = "$(TARGET_NAME)";
				SWIFT_VERSION = 3.0;
			};
			name = Debug;
		};
		322889AD1E4C7BA300012906 /* Release */ = {
			isa = XCBuildConfiguration;
			buildSettings = {
				ASSETCATALOG_COMPILER_APPICON_NAME = AppIcon;
				INFOPLIST_FILE = "Lesson 4/Info.plist";
				LD_RUNPATH_SEARCH_PATHS = "$(inherited) @executable_path/Frameworks";
				PRODUCT_BUNDLE_IDENTIFIER = "com.luke.Lesson-4";
				PRODUCT_NAME = "$(TARGET_NAME)";
				SWIFT_VERSION = 3.0;
			};
			name = Release;
		};
/* End XCBuildConfiguration section */

/* Begin XCConfigurationList section */
		322889941E4C7BA200012906 /* Build configuration list for PBXProject "Lesson 4" */ = {
			isa = XCConfigurationList;
			buildConfigurations = (
				322889A91E4C7BA200012906 /* Debug */,
				322889AA1E4C7BA200012906 /* Release */,
			);
			defaultConfigurationIsVisible = 0;
			defaultConfigurationName = Release;
		};
		322889AB1E4C7BA300012906 /* Build configuration list for PBXNativeTarget "Lesson 4" */ = {
			isa = XCConfigurationList;
			buildConfigurations = (
				322889AC1E4C7BA300012906 /* Debug */,
				322889AD1E4C7BA300012906 /* Release */,
			);
			defaultConfigurationIsVisible = 0;
		};
/* End XCConfigurationList section */
	};
	rootObject = 322889911E4C7BA200012906 /* Project object */;
}
